// !$*UTF8*$!
{
	archiveVersion = 1;
	classes = {
	};
	objectVersion = 55;
	objects = {

/* Begin PBXBuildFile section */
		25A18E772A1694390043D49D /* AppDelegate.swift in Sources */ = {isa = PBXBuildFile; fileRef = 25A18E762A1694390043D49D /* AppDelegate.swift */; };
		25A18E792A1694390043D49D /* SceneDelegate.swift in Sources */ = {isa = PBXBuildFile; fileRef = 25A18E782A1694390043D49D /* SceneDelegate.swift */; };
		25A18E7B2A1694390043D49D /* ViewController.swift in Sources */ = {isa = PBXBuildFile; fileRef = 25A18E7A2A1694390043D49D /* ViewController.swift */; };
		25A18E7E2A1694390043D49D /* Main.storyboard in Resources */ = {isa = PBXBuildFile; fileRef = 25A18E7C2A1694390043D49D /* Main.storyboard */; };
		25A18E802A16943A0043D49D /* Assets.xcassets in Resources */ = {isa = PBXBuildFile; fileRef = 25A18E7F2A16943A0043D49D /* Assets.xcassets */; };
		25A18E832A16943A0043D49D /* LaunchScreen.storyboard in Resources */ = {isa = PBXBuildFile; fileRef = 25A18E812A16943A0043D49D /* LaunchScreen.storyboard */; };
		25A18E8E2A16943B0043D49D /* motivationalQuotesTests.swift in Sources */ = {isa = PBXBuildFile; fileRef = 25A18E8D2A16943B0043D49D /* motivationalQuotesTests.swift */; };
		25A18E982A16943B0043D49D /* motivationalQuotesUITests.swift in Sources */ = {isa = PBXBuildFile; fileRef = 25A18E972A16943B0043D49D /* motivationalQuotesUITests.swift */; };
		25A18E9A2A16943B0043D49D /* motivationalQuotesUITestsLaunchTests.swift in Sources */ = {isa = PBXBuildFile; fileRef = 25A18E992A16943B0043D49D /* motivationalQuotesUITestsLaunchTests.swift */; };
/* End PBXBuildFile section */

/* Begin PBXContainerItemProxy section */
		25A18E8A2A16943B0043D49D /* PBXContainerItemProxy */ = {
			isa = PBXContainerItemProxy;
			containerPortal = 25A18E6B2A1694390043D49D /* Project object */;
			proxyType = 1;
			remoteGlobalIDString = 25A18E722A1694390043D49D;
			remoteInfo = motivationalQuotes;
		};
		25A18E942A16943B0043D49D /* PBXContainerItemProxy */ = {
			isa = PBXContainerItemProxy;
			containerPortal = 25A18E6B2A1694390043D49D /* Project object */;
			proxyType = 1;
			remoteGlobalIDString = 25A18E722A1694390043D49D;
			remoteInfo = motivationalQuotes;
		};
/* End PBXContainerItemProxy section */

/* Begin PBXFileReference section */
		25A18E732A1694390043D49D /* motivationalQuotes.app */ = {isa = PBXFileReference; explicitFileType = wrapper.application; includeInIndex = 0; path = motivationalQuotes.app; sourceTree = BUILT_PRODUCTS_DIR; };
		25A18E762A1694390043D49D /* AppDelegate.swift */ = {isa = PBXFileReference; lastKnownFileType = sourcecode.swift; path = AppDelegate.swift; sourceTree = "<group>"; };
		25A18E782A1694390043D49D /* SceneDelegate.swift */ = {isa = PBXFileReference; lastKnownFileType = sourcecode.swift; path = SceneDelegate.swift; sourceTree = "<group>"; };
		25A18E7A2A1694390043D49D /* ViewController.swift */ = {isa = PBXFileReference; lastKnownFileType = sourcecode.swift; path = ViewController.swift; sourceTree = "<group>"; };
		25A18E7D2A1694390043D49D /* Base */ = {isa = PBXFileReference; lastKnownFileType = file.storyboard; name = Base; path = Base.lproj/Main.storyboard; sourceTree = "<group>"; };
		25A18E7F2A16943A0043D49D /* Assets.xcassets */ = {isa = PBXFileReference; lastKnownFileType = folder.assetcatalog; path = Assets.xcassets; sourceTree = "<group>"; };
		25A18E822A16943A0043D49D /* Base */ = {isa = PBXFileReference; lastKnownFileType = file.storyboard; name = Base; path = Base.lproj/LaunchScreen.storyboard; sourceTree = "<group>"; };
		25A18E842A16943A0043D49D /* Info.plist */ = {isa = PBXFileReference; lastKnownFileType = text.plist.xml; path = Info.plist; sourceTree = "<group>"; };
		25A18E892A16943B0043D49D /* motivationalQuotesTests.xctest */ = {isa = PBXFileReference; explicitFileType = wrapper.cfbundle; includeInIndex = 0; path = motivationalQuotesTests.xctest; sourceTree = BUILT_PRODUCTS_DIR; };
		25A18E8D2A16943B0043D49D /* motivationalQuotesTests.swift */ = {isa = PBXFileReference; lastKnownFileType = sourcecode.swift; path = motivationalQuotesTests.swift; sourceTree = "<group>"; };
		25A18E932A16943B0043D49D /* motivationalQuotesUITests.xctest */ = {isa = PBXFileReference; explicitFileType = wrapper.cfbundle; includeInIndex = 0; path = motivationalQuotesUITests.xctest; sourceTree = BUILT_PRODUCTS_DIR; };
		25A18E972A16943B0043D49D /* motivationalQuotesUITests.swift */ = {isa = PBXFileReference; lastKnownFileType = sourcecode.swift; path = motivationalQuotesUITests.swift; sourceTree = "<group>"; };
		25A18E992A16943B0043D49D /* motivationalQuotesUITestsLaunchTests.swift */ = {isa = PBXFileReference; lastKnownFileType = sourcecode.swift; path = motivationalQuotesUITestsLaunchTests.swift; sourceTree = "<group>"; };
/* End PBXFileReference section */

/* Begin PBXFrameworksBuildPhase section */
		25A18E702A1694390043D49D /* Frameworks */ = {
			isa = PBXFrameworksBuildPhase;
			buildActionMask = 2147483647;
			files = (
			);
			runOnlyForDeploymentPostprocessing = 0;
		};
		25A18E862A16943B0043D49D /* Frameworks */ = {
			isa = PBXFrameworksBuildPhase;
			buildActionMask = 2147483647;
			files = (
			);
			runOnlyForDeploymentPostprocessing = 0;
		};
		25A18E902A16943B0043D49D /* Frameworks */ = {
			isa = PBXFrameworksBuildPhase;
			buildActionMask = 2147483647;
			files = (
			);
			runOnlyForDeploymentPostprocessing = 0;
		};
/* End PBXFrameworksBuildPhase section */

/* Begin PBXGroup section */
		25A18E6A2A1694390043D49D = {
			isa = PBXGroup;
			children = (
				25A18E752A1694390043D49D /* motivationalQuotes */,
				25A18E8C2A16943B0043D49D /* motivationalQuotesTests */,
				25A18E962A16943B0043D49D /* motivationalQuotesUITests */,
				25A18E742A1694390043D49D /* Products */,
			);
			sourceTree = "<group>";
		};
		25A18E742A1694390043D49D /* Products */ = {
			isa = PBXGroup;
			children = (
				25A18E732A1694390043D49D /* motivationalQuotes.app */,
				25A18E892A16943B0043D49D /* motivationalQuotesTests.xctest */,
				25A18E932A16943B0043D49D /* motivationalQuotesUITests.xctest */,
			);
			name = Products;
			sourceTree = "<group>";
		};
		25A18E752A1694390043D49D /* motivationalQuotes */ = {
			isa = PBXGroup;
			children = (
				25A18E762A1694390043D49D /* AppDelegate.swift */,
				25A18E782A1694390043D49D /* SceneDelegate.swift */,
				25A18E7A2A1694390043D49D /* ViewController.swift */,
				25A18E7C2A1694390043D49D /* Main.storyboard */,
				25A18E7F2A16943A0043D49D /* Assets.xcassets */,
				25A18E812A16943A0043D49D /* LaunchScreen.storyboard */,
				25A18E842A16943A0043D49D /* Info.plist */,
			);
			path = motivationalQuotes;
			sourceTree = "<group>";
		};
		25A18E8C2A16943B0043D49D /* motivationalQuotesTests */ = {
			isa = PBXGroup;
			children = (
				25A18E8D2A16943B0043D49D /* motivationalQuotesTests.swift */,
			);
			path = motivationalQuotesTests;
			sourceTree = "<group>";
		};
		25A18E962A16943B0043D49D /* motivationalQuotesUITests */ = {
			isa = PBXGroup;
			children = (
				25A18E972A16943B0043D49D /* motivationalQuotesUITests.swift */,
				25A18E992A16943B0043D49D /* motivationalQuotesUITestsLaunchTests.swift */,
			);
			path = motivationalQuotesUITests;
			sourceTree = "<group>";
		};
/* End PBXGroup section */

/* Begin PBXNativeTarget section */
		25A18E722A1694390043D49D /* motivationalQuotes */ = {
			isa = PBXNativeTarget;
			buildConfigurationList = 25A18E9D2A16943B0043D49D /* Build configuration list for PBXNativeTarget "motivationalQuotes" */;
			buildPhases = (
				25A18E6F2A1694390043D49D /* Sources */,
				25A18E702A1694390043D49D /* Frameworks */,
				25A18E712A1694390043D49D /* Resources */,
			);
			buildRules = (
			);
			dependencies = (
			);
			name = motivationalQuotes;
			productName = motivationalQuotes;
			productReference = 25A18E732A1694390043D49D /* motivationalQuotes.app */;
			productType = "com.apple.product-type.application";
		};
		25A18E882A16943B0043D49D /* motivationalQuotesTests */ = {
			isa = PBXNativeTarget;
			buildConfigurationList = 25A18EA02A16943B0043D49D /* Build configuration list for PBXNativeTarget "motivationalQuotesTests" */;
			buildPhases = (
				25A18E852A16943B0043D49D /* Sources */,
				25A18E862A16943B0043D49D /* Frameworks */,
				25A18E872A16943B0043D49D /* Resources */,
			);
			buildRules = (
			);
			dependencies = (
				25A18E8B2A16943B0043D49D /* PBXTargetDependency */,
			);
			name = motivationalQuotesTests;
			productName = motivationalQuotesTests;
			productReference = 25A18E892A16943B0043D49D /* motivationalQuotesTests.xctest */;
			productType = "com.apple.product-type.bundle.unit-test";
		};
		25A18E922A16943B0043D49D /* motivationalQuotesUITests */ = {
			isa = PBXNativeTarget;
			buildConfigurationList = 25A18EA32A16943B0043D49D /* Build configuration list for PBXNativeTarget "motivationalQuotesUITests" */;
			buildPhases = (
				25A18E8F2A16943B0043D49D /* Sources */,
				25A18E902A16943B0043D49D /* Frameworks */,
				25A18E912A16943B0043D49D /* Resources */,
			);
			buildRules = (
			);
			dependencies = (
				25A18E952A16943B0043D49D /* PBXTargetDependency */,
			);
			name = motivationalQuotesUITests;
			productName = motivationalQuotesUITests;
			productReference = 25A18E932A16943B0043D49D /* motivationalQuotesUITests.xctest */;
			productType = "com.apple.product-type.bundle.ui-testing";
		};
/* End PBXNativeTarget section */

/* Begin PBXProject section */
		25A18E6B2A1694390043D49D /* Project object */ = {
			isa = PBXProject;
			attributes = {
				BuildIndependentTargetsInParallel = 1;
				LastSwiftUpdateCheck = 1320;
				LastUpgradeCheck = 1320;
				TargetAttributes = {
					25A18E722A1694390043D49D = {
						CreatedOnToolsVersion = 13.2.1;
					};
					25A18E882A16943B0043D49D = {
						CreatedOnToolsVersion = 13.2.1;
						TestTargetID = 25A18E722A1694390043D49D;
					};
					25A18E922A16943B0043D49D = {
						CreatedOnToolsVersion = 13.2.1;
						TestTargetID = 25A18E722A1694390043D49D;
					};
				};
			};
			buildConfigurationList = 25A18E6E2A1694390043D49D /* Build configuration list for PBXProject "motivationalQuotes" */;
			compatibilityVersion = "Xcode 13.0";
			developmentRegion = en;
			hasScannedForEncodings = 0;
			knownRegions = (
				en,
				Base,
			);
			mainGroup = 25A18E6A2A1694390043D49D;
			productRefGroup = 25A18E742A1694390043D49D /* Products */;
			projectDirPath = "";
			projectRoot = "";
			targets = (
				25A18E722A1694390043D49D /* motivationalQuotes */,
				25A18E882A16943B0043D49D /* motivationalQuotesTests */,
				25A18E922A16943B0043D49D /* motivationalQuotesUITests */,
			);
		};
/* End PBXProject section */

/* Begin PBXResourcesBuildPhase section */
		25A18E712A1694390043D49D /* Resources */ = {
			isa = PBXResourcesBuildPhase;
			buildActionMask = 2147483647;
			files = (
				25A18E832A16943A0043D49D /* LaunchScreen.storyboard in Resources */,
				25A18E802A16943A0043D49D /* Assets.xcassets in Resources */,
				25A18E7E2A1694390043D49D /* Main.storyboard in Resources */,
			);
			runOnlyForDeploymentPostprocessing = 0;
		};
		25A18E872A16943B0043D49D /* Resources */ = {
			isa = PBXResourcesBuildPhase;
			buildActionMask = 2147483647;
			files = (
			);
			runOnlyForDeploymentPostprocessing = 0;
		};
		25A18E912A16943B0043D49D /* Resources */ = {
			isa = PBXResourcesBuildPhase;
			buildActionMask = 2147483647;
			files = (
			);
			runOnlyForDeploymentPostprocessing = 0;
		};
/* End PBXResourcesBuildPhase section */

/* Begin PBXSourcesBuildPhase section */
		25A18E6F2A1694390043D49D /* Sources */ = {
			isa = PBXSourcesBuildPhase;
			buildActionMask = 2147483647;
			files = (
				25A18E7B2A1694390043D49D /* ViewController.swift in Sources */,
				25A18E772A1694390043D49D /* AppDelegate.swift in Sources */,
				25A18E792A1694390043D49D /* SceneDelegate.swift in Sources */,
			);
			runOnlyForDeploymentPostprocessing = 0;
		};
		25A18E852A16943B0043D49D /* Sources */ = {
			isa = PBXSourcesBuildPhase;
			buildActionMask = 2147483647;
			files = (
				25A18E8E2A16943B0043D49D /* motivationalQuotesTests.swift in Sources */,
			);
			runOnlyForDeploymentPostprocessing = 0;
		};
		25A18E8F2A16943B0043D49D /* Sources */ = {
			isa = PBXSourcesBuildPhase;
			buildActionMask = 2147483647;
			files = (
				25A18E9A2A16943B0043D49D /* motivationalQuotesUITestsLaunchTests.swift in Sources */,
				25A18E982A16943B0043D49D /* motivationalQuotesUITests.swift in Sources */,
			);
			runOnlyForDeploymentPostprocessing = 0;
		};
/* End PBXSourcesBuildPhase section */

/* Begin PBXTargetDependency section */
		25A18E8B2A16943B0043D49D /* PBXTargetDependency */ = {
			isa = PBXTargetDependency;
			target = 25A18E722A1694390043D49D /* motivationalQuotes */;
			targetProxy = 25A18E8A2A16943B0043D49D /* PBXContainerItemProxy */;
		};
		25A18E952A16943B0043D49D /* PBXTargetDependency */ = {
			isa = PBXTargetDependency;
			target = 25A18E722A1694390043D49D /* motivationalQuotes */;
			targetProxy = 25A18E942A16943B0043D49D /* PBXContainerItemProxy */;
		};
/* End PBXTargetDependency section */

/* Begin PBXVariantGroup section */
		25A18E7C2A1694390043D49D /* Main.storyboard */ = {
			isa = PBXVariantGroup;
			children = (
				25A18E7D2A1694390043D49D /* Base */,
			);
			name = Main.storyboard;
			sourceTree = "<group>";
		};
		25A18E812A16943A0043D49D /* LaunchScreen.storyboard */ = {
			isa = PBXVariantGroup;
			children = (
				25A18E822A16943A0043D49D /* Base */,
			);
			name = LaunchScreen.storyboard;
			sourceTree = "<group>";
		};
/* End PBXVariantGroup section */

/* Begin XCBuildConfiguration section */
		25A18E9B2A16943B0043D49D /* Debug */ = {
			isa = XCBuildConfiguration;
			buildSettings = {
				ALWAYS_SEARCH_USER_PATHS = NO;
				CLANG_ANALYZER_NONNULL = YES;
				CLANG_ANALYZER_NUMBER_OBJECT_CONVERSION = YES_AGGRESSIVE;
				CLANG_CXX_LANGUAGE_STANDARD = "gnu++17";
				CLANG_CXX_LIBRARY = "libc++";
				CLANG_ENABLE_MODULES = YES;
				CLANG_ENABLE_OBJC_ARC = YES;
				CLANG_ENABLE_OBJC_WEAK = YES;
				CLANG_WARN_BLOCK_CAPTURE_AUTORELEASING = YES;
				CLANG_WARN_BOOL_CONVERSION = YES;
				CLANG_WARN_COMMA = YES;
				CLANG_WARN_CONSTANT_CONVERSION = YES;
				CLANG_WARN_DEPRECATED_OBJC_IMPLEMENTATIONS = YES;
				CLANG_WARN_DIRECT_OBJC_ISA_USAGE = YES_ERROR;
				CLANG_WARN_DOCUMENTATION_COMMENTS = YES;
				CLANG_WARN_EMPTY_BODY = YES;
				CLANG_WARN_ENUM_CONVERSION = YES;
				CLANG_WARN_INFINITE_RECURSION = YES;
				CLANG_WARN_INT_CONVERSION = YES;
				CLANG_WARN_NON_LITERAL_NULL_CONVERSION = YES;
				CLANG_WARN_OBJC_IMPLICIT_RETAIN_SELF = YES;
				CLANG_WARN_OBJC_LITERAL_CONVERSION = YES;
				CLANG_WARN_OBJC_ROOT_CLASS = YES_ERROR;
				CLANG_WARN_QUOTED_INCLUDE_IN_FRAMEWORK_HEADER = YES;
				CLANG_WARN_RANGE_LOOP_ANALYSIS = YES;
				CLANG_WARN_STRICT_PROTOTYPES = YES;
				CLANG_WARN_SUSPICIOUS_MOVE = YES;
				CLANG_WARN_UNGUARDED_AVAILABILITY = YES_AGGRESSIVE;
				CLANG_WARN_UNREACHABLE_CODE = YES;
				CLANG_WARN__DUPLICATE_METHOD_MATCH = YES;
				COPY_PHASE_STRIP = NO;
				DEBUG_INFORMATION_FORMAT = dwarf;
				ENABLE_STRICT_OBJC_MSGSEND = YES;
				ENABLE_TESTABILITY = YES;
				GCC_C_LANGUAGE_STANDARD = gnu11;
				GCC_DYNAMIC_NO_PIC = NO;
				GCC_NO_COMMON_BLOCKS = YES;
				GCC_OPTIMIZATION_LEVEL = 0;
				GCC_PREPROCESSOR_DEFINITIONS = (
					"DEBUG=1",
					"$(inherited)",
				);
				GCC_WARN_64_TO_32_BIT_CONVERSION = YES;
				GCC_WARN_ABOUT_RETURN_TYPE = YES_ERROR;
				GCC_WARN_UNDECLARED_SELECTOR = YES;
				GCC_WARN_UNINITIALIZED_AUTOS = YES_AGGRESSIVE;
				GCC_WARN_UNUSED_FUNCTION = YES;
				GCC_WARN_UNUSED_VARIABLE = YES;
				IPHONEOS_DEPLOYMENT_TARGET = 12.0;
				MTL_ENABLE_DEBUG_INFO = INCLUDE_SOURCE;
				MTL_FAST_MATH = YES;
				ONLY_ACTIVE_ARCH = YES;
				SDKROOT = iphoneos;
				SWIFT_ACTIVE_COMPILATION_CONDITIONS = DEBUG;
				SWIFT_OPTIMIZATION_LEVEL = "-Onone";
			};
			name = Debug;
		};
		25A18E9C2A16943B0043D49D /* Release */ = {
			isa = XCBuildConfiguration;
			buildSettings = {
				ALWAYS_SEARCH_USER_PATHS = NO;
				CLANG_ANALYZER_NONNULL = YES;
				CLANG_ANALYZER_NUMBER_OBJECT_CONVERSION = YES_AGGRESSIVE;
				CLANG_CXX_LANGUAGE_STANDARD = "gnu++17";
				CLANG_CXX_LIBRARY = "libc++";
				CLANG_ENABLE_MODULES = YES;
				CLANG_ENABLE_OBJC_ARC = YES;
				CLANG_ENABLE_OBJC_WEAK = YES;
				CLANG_WARN_BLOCK_CAPTURE_AUTORELEASING = YES;
				CLANG_WARN_BOOL_CONVERSION = YES;
				CLANG_WARN_COMMA = YES;
				CLANG_WARN_CONSTANT_CONVERSION = YES;
				CLANG_WARN_DEPRECATED_OBJC_IMPLEMENTATIONS = YES;
				CLANG_WARN_DIRECT_OBJC_ISA_USAGE = YES_ERROR;
				CLANG_WARN_DOCUMENTATION_COMMENTS = YES;
				CLANG_WARN_EMPTY_BODY = YES;
				CLANG_WARN_ENUM_CONVERSION = YES;
				CLANG_WARN_INFINITE_RECURSION = YES;
				CLANG_WARN_INT_CONVERSION = YES;
				CLANG_WARN_NON_LITERAL_NULL_CONVERSION = YES;
				CLANG_WARN_OBJC_IMPLICIT_RETAIN_SELF = YES;
				CLANG_WARN_OBJC_LITERAL_CONVERSION = YES;
				CLANG_WARN_OBJC_ROOT_CLASS = YES_ERROR;
				CLANG_WARN_QUOTED_INCLUDE_IN_FRAMEWORK_HEADER = YES;
				CLANG_WARN_RANGE_LOOP_ANALYSIS = YES;
				CLANG_WARN_STRICT_PROTOTYPES = YES;
				CLANG_WARN_SUSPICIOUS_MOVE = YES;
				CLANG_WARN_UNGUARDED_AVAILABILITY = YES_AGGRESSIVE;
				CLANG_WARN_UNREACHABLE_CODE = YES;
				CLANG_WARN__DUPLICATE_METHOD_MATCH = YES;
				COPY_PHASE_STRIP = NO;
				DEBUG_INFORMATION_FORMAT = "dwarf-with-dsym";
				ENABLE_NS_ASSERTIONS = NO;
				ENABLE_STRICT_OBJC_MSGSEND = YES;
				GCC_C_LANGUAGE_STANDARD = gnu11;
				GCC_NO_COMMON_BLOCKS = YES;
				GCC_WARN_64_TO_32_BIT_CONVERSION = YES;
				GCC_WARN_ABOUT_RETURN_TYPE = YES_ERROR;
				GCC_WARN_UNDECLARED_SELECTOR = YES;
				GCC_WARN_UNINITIALIZED_AUTOS = YES_AGGRESSIVE;
				GCC_WARN_UNUSED_FUNCTION = YES;
				GCC_WARN_UNUSED_VARIABLE = YES;
				IPHONEOS_DEPLOYMENT_TARGET = 12.0;
				MTL_ENABLE_DEBUG_INFO = NO;
				MTL_FAST_MATH = YES;
				SDKROOT = iphoneos;
				SWIFT_COMPILATION_MODE = wholemodule;
				SWIFT_OPTIMIZATION_LEVEL = "-O";
				VALIDATE_PRODUCT = YES;
			};
			name = Release;
		};
		25A18E9E2A16943B0043D49D /* Debug */ = {
			isa = XCBuildConfiguration;
			buildSettings = {
				ASSETCATALOG_COMPILER_APPICON_NAME = AppIcon;
				ASSETCATALOG_COMPILER_GLOBAL_ACCENT_COLOR_NAME = AccentColor;
				CODE_SIGN_STYLE = Automatic;
				CURRENT_PROJECT_VERSION = 1;
				DEVELOPMENT_TEAM = NP59TTJLJE;
				GENERATE_INFOPLIST_FILE = YES;
				INFOPLIST_FILE = motivationalQuotes/Info.plist;
				INFOPLIST_KEY_UIApplicationSupportsIndirectInputEvents = YES;
				INFOPLIST_KEY_UILaunchStoryboardName = LaunchScreen;
				INFOPLIST_KEY_UIMainStoryboardFile = Main;
				INFOPLIST_KEY_UISupportedInterfaceOrientations = UIInterfaceOrientationPortrait;
				IPHONEOS_DEPLOYMENT_TARGET = 14.0;
				LD_RUNPATH_SEARCH_PATHS = (
					"$(inherited)",
					"@executable_path/Frameworks",
				);
				MARKETING_VERSION = 1.0;
				PRODUCT_BUNDLE_IDENTIFIER = cpp.motivationalQuotes;
				PRODUCT_NAME = "$(TARGET_NAME)";
				SWIFT_EMIT_LOC_STRINGS = YES;
				SWIFT_VERSION = 5.0;
				TARGETED_DEVICE_FAMILY = "1,2";
			};
			name = Debug;
		};
		25A18E9F2A16943B0043D49D /* Release */ = {
			isa = XCBuildConfiguration;
			buildSettings = {
				ASSETCATALOG_COMPILER_APPICON_NAME = AppIcon;
				ASSETCATALOG_COMPILER_GLOBAL_ACCENT_COLOR_NAME = AccentColor;
				CODE_SIGN_STYLE = Automatic;
				CURRENT_PROJECT_VERSION = 1;
				DEVELOPMENT_TEAM = NP59TTJLJE;
				GENERATE_INFOPLIST_FILE = YES;
				INFOPLIST_FILE = motivationalQuotes/Info.plist;
				INFOPLIST_KEY_UIApplicationSupportsIndirectInputEvents = YES;
				INFOPLIST_KEY_UILaunchStoryboardName = LaunchScreen;
				INFOPLIST_KEY_UIMainStoryboardFile = Main;
				INFOPLIST_KEY_UISupportedInterfaceOrientations = UIInterfaceOrientationPortrait;
				IPHONEOS_DEPLOYMENT_TARGET = 14.0;
				LD_RUNPATH_SEARCH_PATHS = (
					"$(inherited)",
					"@executable_path/Frameworks",
				);
				MARKETING_VERSION = 1.0;
				PRODUCT_BUNDLE_IDENTIFIER = cpp.motivationalQuotes;
				PRODUCT_NAME = "$(TARGET_NAME)";
				SWIFT_EMIT_LOC_STRINGS = YES;
				SWIFT_VERSION = 5.0;
				TARGETED_DEVICE_FAMILY = "1,2";
			};
			name = Release;
		};
		25A18EA12A16943B0043D49D /* Debug */ = {
			isa = XCBuildConfiguration;
			buildSettings = {
				ALWAYS_EMBED_SWIFT_STANDARD_LIBRARIES = YES;
				BUNDLE_LOADER = "$(TEST_HOST)";
				CODE_SIGN_STYLE = Automatic;
				CURRENT_PROJECT_VERSION = 1;
				DEVELOPMENT_TEAM = NP59TTJLJE;
				GENERATE_INFOPLIST_FILE = YES;
				IPHONEOS_DEPLOYMENT_TARGET = 15.2;
				MARKETING_VERSION = 1.0;
				PRODUCT_BUNDLE_IDENTIFIER = cpp.motivationalQuotesTests;
				PRODUCT_NAME = "$(TARGET_NAME)";
				SWIFT_EMIT_LOC_STRINGS = NO;
				SWIFT_VERSION = 5.0;
				TARGETED_DEVICE_FAMILY = "1,2";
				TEST_HOST = "$(BUILT_PRODUCTS_DIR)/motivationalQuotes.app/motivationalQuotes";
			};
			name = Debug;
		};
		25A18EA22A16943B0043D49D /* Release */ = {
			isa = XCBuildConfiguration;
			buildSettings = {
				ALWAYS_EMBED_SWIFT_STANDARD_LIBRARIES = YES;
				BUNDLE_LOADER = "$(TEST_HOST)";
				CODE_SIGN_STYLE = Automatic;
				CURRENT_PROJECT_VERSION = 1;
				DEVELOPMENT_TEAM = NP59TTJLJE;
				GENERATE_INFOPLIST_FILE = YES;
				IPHONEOS_DEPLOYMENT_TARGET = 15.2;
				MARKETING_VERSION = 1.0;
				PRODUCT_BUNDLE_IDENTIFIER = cpp.motivationalQuotesTests;
				PRODUCT_NAME = "$(TARGET_NAME)";
				SWIFT_EMIT_LOC_STRINGS = NO;
				SWIFT_VERSION = 5.0;
				TARGETED_DEVICE_FAMILY = "1,2";
				TEST_HOST = "$(BUILT_PRODUCTS_DIR)/motivationalQuotes.app/motivationalQuotes";
			};
			name = Release;
		};
		25A18EA42A16943B0043D49D /* Debug */ = {
			isa = XCBuildConfiguration;
			buildSettings = {
				ALWAYS_EMBED_SWIFT_STANDARD_LIBRARIES = YES;
				CODE_SIGN_STYLE = Automatic;
				CURRENT_PROJECT_VERSION = 1;
				DEVELOPMENT_TEAM = NP59TTJLJE;
				GENERATE_INFOPLIST_FILE = YES;
				MARKETING_VERSION = 1.0;
				PRODUCT_BUNDLE_IDENTIFIER = cpp.motivationalQuotesUITests;
				PRODUCT_NAME = "$(TARGET_NAME)";
				SWIFT_EMIT_LOC_STRINGS = NO;
				SWIFT_VERSION = 5.0;
				TARGETED_DEVICE_FAMILY = "1,2";
				TEST_TARGET_NAME = motivationalQuotes;
			};
			name = Debug;
		};
		25A18EA52A16943B0043D49D /* Release */ = {
			isa = XCBuildConfiguration;
			buildSettings = {
				ALWAYS_EMBED_SWIFT_STANDARD_LIBRARIES = YES;
				CODE_SIGN_STYLE = Automatic;
				CURRENT_PROJECT_VERSION = 1;
				DEVELOPMENT_TEAM = NP59TTJLJE;
				GENERATE_INFOPLIST_FILE = YES;
				MARKETING_VERSION = 1.0;
				PRODUCT_BUNDLE_IDENTIFIER = cpp.motivationalQuotesUITests;
				PRODUCT_NAME = "$(TARGET_NAME)";
				SWIFT_EMIT_LOC_STRINGS = NO;
				SWIFT_VERSION = 5.0;
				TARGETED_DEVICE_FAMILY = "1,2";
				TEST_TARGET_NAME = motivationalQuotes;
			};
			name = Release;
		};
/* End XCBuildConfiguration section */

/* Begin XCConfigurationList section */
		25A18E6E2A1694390043D49D /* Build configuration list for PBXProject "motivationalQuotes" */ = {
			isa = XCConfigurationList;
			buildConfigurations = (
				25A18E9B2A16943B0043D49D /* Debug */,
				25A18E9C2A16943B0043D49D /* Release */,
			);
			defaultConfigurationIsVisible = 0;
			defaultConfigurationName = Release;
		};
		25A18E9D2A16943B0043D49D /* Build configuration list for PBXNativeTarget "motivationalQuotes" */ = {
			isa = XCConfigurationList;
			buildConfigurations = (
				25A18E9E2A16943B0043D49D /* Debug */,
				25A18E9F2A16943B0043D49D /* Release */,
			);
			defaultConfigurationIsVisible = 0;
			defaultConfigurationName = Release;
		};
		25A18EA02A16943B0043D49D /* Build configuration list for PBXNativeTarget "motivationalQuotesTests" */ = {
			isa = XCConfigurationList;
			buildConfigurations = (
				25A18EA12A16943B0043D49D /* Debug */,
				25A18EA22A16943B0043D49D /* Release */,
			);
			defaultConfigurationIsVisible = 0;
			defaultConfigurationName = Release;
		};
		25A18EA32A16943B0043D49D /* Build configuration list for PBXNativeTarget "motivationalQuotesUITests" */ = {
			isa = XCConfigurationList;
			buildConfigurations = (
				25A18EA42A16943B0043D49D /* Debug */,
				25A18EA52A16943B0043D49D /* Release */,
			);
			defaultConfigurationIsVisible = 0;
			defaultConfigurationName = Release;
		};
/* End XCConfigurationList section */
	};
	rootObject = 25A18E6B2A1694390043D49D /* Project object */;
}
